
Microsoft Visual Studio Solution File, Format Version 12.00
# Visual Studio Version 16
VisualStudioVersion = 16.0.31729.503
MinimumVisualStudioVersion = 10.0.40219.1
Project("{FAE04EC0-301F-11D3-BF4B-00C04F79EFBC}") = "Formularios", "Formularios\Formularios.csproj", "{FABE7760-6586-4485-A0D1-14576AE0E89D}"
EndProject
Project("{FAE04EC0-301F-11D3-BF4B-00C04F79EFBC}") = "Infrastructure", "Infrastructure\Infrastructure.csproj", "{72F136AD-434E-480A-A740-D0D586444085}"
EndProject
Project("{FAE04EC0-301F-11D3-BF4B-00C04F79EFBC}") = "Domain", "Domain\Domain.csproj", "{E2D081EB-BFA5-42DB-BCCD-10F4E7069795}"
EndProject
Project("{FAE04EC0-301F-11D3-BF4B-00C04F79EFBC}") = "AppCore", "AppCore\AppCore.csproj", "{3B586369-5FAA-4985-897B-E8B0807D1875}"
EndProject
Global
	GlobalSection(SolutionConfigurationPlatforms) = preSolution
		Debug|Any CPU = Debug|Any CPU
		Release|Any CPU = Release|Any CPU
	EndGlobalSection
	GlobalSection(ProjectConfigurationPlatforms) = postSolution
		{FABE7760-6586-4485-A0D1-14576AE0E89D}.Debug|Any CPU.ActiveCfg = Debug|Any CPU
		{FABE7760-6586-4485-A0D1-14576AE0E89D}.Debug|Any CPU.Build.0 = Debug|Any CPU
		{FABE7760-6586-4485-A0D1-14576AE0E89D}.Release|Any CPU.ActiveCfg = Release|Any CPU
		{FABE7760-6586-4485-A0D1-14576AE0E89D}.Release|Any CPU.Build.0 = Release|Any CPU
		{72F136AD-434E-480A-A740-D0D586444085}.Debug|Any CPU.ActiveCfg = Debug|Any CPU
		{72F136AD-434E-480A-A740-D0D586444085}.Debug|Any CPU.Build.0 = Debug|Any CPU
		{72F136AD-434E-480A-A740-D0D586444085}.Release|Any CPU.ActiveCfg = Release|Any CPU
		{72F136AD-434E-480A-A740-D0D586444085}.Release|Any CPU.Build.0 = Release|Any CPU
		{E2D081EB-BFA5-42DB-BCCD-10F4E7069795}.Debug|Any CPU.ActiveCfg = Debug|Any CPU
		{E2D081EB-BFA5-42DB-BCCD-10F4E7069795}.Debug|Any CPU.Build.0 = Debug|Any CPU
		{E2D081EB-BFA5-42DB-BCCD-10F4E7069795}.Release|Any CPU.ActiveCfg = Release|Any CPU
		{E2D081EB-BFA5-42DB-BCCD-10F4E7069795}.Release|Any CPU.Build.0 = Release|Any CPU
		{3B586369-5FAA-4985-897B-E8B0807D1875}.Debug|Any CPU.ActiveCfg = Debug|Any CPU
		{3B586369-5FAA-4985-897B-E8B0807D1875}.Debug|Any CPU.Build.0 = Debug|Any CPU
		{3B586369-5FAA-4985-897B-E8B0807D1875}.Release|Any CPU.ActiveCfg = Release|Any CPU
		{3B586369-5FAA-4985-897B-E8B0807D1875}.Release|Any CPU.Build.0 = Release|Any CPU
	EndGlobalSection
	GlobalSection(SolutionProperties) = preSolution
		HideSolutionNode = FALSE
	EndGlobalSection
	GlobalSection(ExtensibilityGlobals) = postSolution
		SolutionGuid = {F733D00E-865E-4367-A1CD-911F71126C4C}
	EndGlobalSection
EndGlobal
